
Microsoft Visual Studio Solution File, Format Version 12.00
# Visual Studio Version 16
VisualStudioVersion = 16.0.30114.105
MinimumVisualStudioVersion = 10.0.40219.1
Project("{FAE04EC0-301F-11D3-BF4B-00C04F79EFBC}") = "Web", "Web\Web.csproj", "{5EAC497B-A723-45D0-96DA-39A84E258169}"
EndProject
Project("{FAE04EC0-301F-11D3-BF4B-00C04F79EFBC}") = "Core", "Core\Core.csproj", "{D006872F-D4F9-4948-A28E-00FC00BABBDA}"
EndProject
Project("{FAE04EC0-301F-11D3-BF4B-00C04F79EFBC}") = "Infrastructure", "Infrastructure\Infrastructure.csproj", "{CEAE99C2-6B7B-4810-82EE-DD2C4018A3C9}"
EndProject
Global
	GlobalSection(SolutionConfigurationPlatforms) = preSolution
		Debug|Any CPU = Debug|Any CPU
		Release|Any CPU = Release|Any CPU
	EndGlobalSection
	GlobalSection(ProjectConfigurationPlatforms) = postSolution
		{5EAC497B-A723-45D0-96DA-39A84E258169}.Debug|Any CPU.ActiveCfg = Debug|Any CPU
		{5EAC497B-A723-45D0-96DA-39A84E258169}.Debug|Any CPU.Build.0 = Debug|Any CPU
		{5EAC497B-A723-45D0-96DA-39A84E258169}.Release|Any CPU.ActiveCfg = Release|Any CPU
		{5EAC497B-A723-45D0-96DA-39A84E258169}.Release|Any CPU.Build.0 = Release|Any CPU
		{D006872F-D4F9-4948-A28E-00FC00BABBDA}.Debug|Any CPU.ActiveCfg = Debug|Any CPU
		{D006872F-D4F9-4948-A28E-00FC00BABBDA}.Debug|Any CPU.Build.0 = Debug|Any CPU
		{D006872F-D4F9-4948-A28E-00FC00BABBDA}.Release|Any CPU.ActiveCfg = Release|Any CPU
		{D006872F-D4F9-4948-A28E-00FC00BABBDA}.Release|Any CPU.Build.0 = Release|Any CPU
		{CEAE99C2-6B7B-4810-82EE-DD2C4018A3C9}.Debug|Any CPU.ActiveCfg = Debug|Any CPU
		{CEAE99C2-6B7B-4810-82EE-DD2C4018A3C9}.Debug|Any CPU.Build.0 = Debug|Any CPU
		{CEAE99C2-6B7B-4810-82EE-DD2C4018A3C9}.Release|Any CPU.ActiveCfg = Release|Any CPU
		{CEAE99C2-6B7B-4810-82EE-DD2C4018A3C9}.Release|Any CPU.Build.0 = Release|Any CPU
	EndGlobalSection
	GlobalSection(SolutionProperties) = preSolution
		HideSolutionNode = FALSE
	EndGlobalSection
	GlobalSection(ExtensibilityGlobals) = postSolution
		SolutionGuid = {454497F8-CB19-4C25-9CA2-759D94491C21}
	EndGlobalSection
EndGlobal
